{
  "pins" : [
    {
      "identity" : "onesignal-xcframework",
      "kind" : "remoteSourceControl",
      "location" : "https://github.com/OneSignal/OneSignal-XCFramework",
      "state" : {
        "revision" : "5916c9946571047377061dc3c88e54cd4e866beb",
        "version" : "5.0.2"
      }
    }
  ],
  "version" : 2
}
